
Microsoft Visual Studio Solution File, Format Version 12.00
# Visual Studio 15
VisualStudioVersion = 15.0.28307.779
MinimumVisualStudioVersion = 10.0.40219.1
Project("{FAE04EC0-301F-11D3-BF4B-00C04F79EFBC}") = "GhApper", "GhApper.csproj", "{06A8383F-B4DA-4DDD-9DFA-D9F63DAF8AE4}"
EndProject
Global
	GlobalSection(SolutionConfigurationPlatforms) = preSolution
		Debug|Any CPU = Debug|Any CPU
		Release|Any CPU = Release|Any CPU
	EndGlobalSection
	GlobalSection(ProjectConfigurationPlatforms) = postSolution
		{06A8383F-B4DA-4DDD-9DFA-D9F63DAF8AE4}.Debug|Any CPU.ActiveCfg = Debug|Any CPU
		{06A8383F-B4DA-4DDD-9DFA-D9F63DAF8AE4}.Debug|Any CPU.Build.0 = Debug|Any CPU
		{06A8383F-B4DA-4DDD-9DFA-D9F63DAF8AE4}.Release|Any CPU.ActiveCfg = Release|Any CPU
		{06A8383F-B4DA-4DDD-9DFA-D9F63DAF8AE4}.Release|Any CPU.Build.0 = Release|Any CPU
	EndGlobalSection
	GlobalSection(SolutionProperties) = preSolution
		HideSolutionNode = FALSE
	EndGlobalSection
	GlobalSection(ExtensibilityGlobals) = postSolution
		SolutionGuid = {A1193725-C2F9-45E0-B0FF-0E868599F931}
	EndGlobalSection
EndGlobal
