
Microsoft Visual Studio Solution File, Format Version 12.00
# Visual Studio 15
VisualStudioVersion = 15.0.28307.645
MinimumVisualStudioVersion = 10.0.40219.1
Project("{9A19103F-16F7-4668-BE54-9A1E7A4F7556}") = "InsideElectron", "InsideElectron\InsideElectron.csproj", "{444492E8-B08A-45E1-A146-848D1FAC6007}"
EndProject
Global
	GlobalSection(SolutionConfigurationPlatforms) = preSolution
		Debug|Any CPU = Debug|Any CPU
		Release|Any CPU = Release|Any CPU
	EndGlobalSection
	GlobalSection(ProjectConfigurationPlatforms) = postSolution
		{444492E8-B08A-45E1-A146-848D1FAC6007}.Debug|Any CPU.ActiveCfg = Debug|Any CPU
		{444492E8-B08A-45E1-A146-848D1FAC6007}.Debug|Any CPU.Build.0 = Debug|Any CPU
		{444492E8-B08A-45E1-A146-848D1FAC6007}.Release|Any CPU.ActiveCfg = Release|Any CPU
		{444492E8-B08A-45E1-A146-848D1FAC6007}.Release|Any CPU.Build.0 = Release|Any CPU
	EndGlobalSection
	GlobalSection(SolutionProperties) = preSolution
		HideSolutionNode = FALSE
	EndGlobalSection
	GlobalSection(ExtensibilityGlobals) = postSolution
		SolutionGuid = {092A91ED-DC12-491C-A726-6C1C7531E24D}
	EndGlobalSection
EndGlobal
