
Microsoft Visual Studio Solution File, Format Version 12.00
# Visual Studio 15
VisualStudioVersion = 15.0.28307.572
MinimumVisualStudioVersion = 10.0.40219.1
Project("{FAE04EC0-301F-11D3-BF4B-00C04F79EFBC}") = "RhinoInside.Excel", "RhinoInside.Excel\RhinoInside.Excel.csproj", "{34BE94C6-F752-455D-B8B1-0B819592D5C4}"
EndProject
Global
	GlobalSection(SolutionConfigurationPlatforms) = preSolution
		Debug|Any CPU = Debug|Any CPU
		Release|Any CPU = Release|Any CPU
	EndGlobalSection
	GlobalSection(ProjectConfigurationPlatforms) = postSolution
		{34BE94C6-F752-455D-B8B1-0B819592D5C4}.Debug|Any CPU.ActiveCfg = Debug|Any CPU
		{34BE94C6-F752-455D-B8B1-0B819592D5C4}.Debug|Any CPU.Build.0 = Debug|Any CPU
		{34BE94C6-F752-455D-B8B1-0B819592D5C4}.Release|Any CPU.ActiveCfg = Release|Any CPU
		{34BE94C6-F752-455D-B8B1-0B819592D5C4}.Release|Any CPU.Build.0 = Release|Any CPU
	EndGlobalSection
	GlobalSection(SolutionProperties) = preSolution
		HideSolutionNode = FALSE
	EndGlobalSection
	GlobalSection(ExtensibilityGlobals) = postSolution
		SolutionGuid = {243AAB45-54CD-43E5-A939-7FAE3B1B6B20}
	EndGlobalSection
EndGlobal
