Microsoft Visual Studio Solution File, Format Version 12.00
# Visual Studio 15
VisualStudioVersion = 15.0.28010.2046
MinimumVisualStudioVersion = 10.0.40219.1
Project("{FAE04EC0-301F-11D3-BF4B-00C04F79EFBC}") = "Sample1.Managed", "Sample1.Managed\Sample1.Managed.csproj", "{A073A734-4901-5753-3C0B-A292D2B73EEC}"
EndProject
Global
	GlobalSection(SolutionConfigurationPlatforms) = preSolution
		Debug|Any CPU = Debug|Any CPU
		Release|Any CPU = Release|Any CPU
	EndGlobalSection
	GlobalSection(ProjectConfigurationPlatforms) = postSolution
		{A073A734-4901-5753-3C0B-A292D2B73EEC}.Debug|Any CPU.ActiveCfg = Debug|Any CPU
		{A073A734-4901-5753-3C0B-A292D2B73EEC}.Debug|Any CPU.Build.0 = Debug|Any CPU
		{A073A734-4901-5753-3C0B-A292D2B73EEC}.Release|Any CPU.ActiveCfg = Release|Any CPU
		{A073A734-4901-5753-3C0B-A292D2B73EEC}.Release|Any CPU.Build.0 = Release|Any CPU
	EndGlobalSection
	GlobalSection(SolutionProperties) = preSolution
		HideSolutionNode = FALSE
	EndGlobalSection
	GlobalSection(ExtensibilityGlobals) = postSolution
		SolutionGuid = {E414DE6C-47FE-D250-0395-C0A406182753}
	EndGlobalSection
EndGlobal
