
Microsoft Visual Studio Solution File, Format Version 12.00
# Visual Studio Version 17
VisualStudioVersion = 17.10.35027.167
MinimumVisualStudioVersion = 10.0.40219.1
Project("{9A19103F-16F7-4668-BE54-9A1E7A4F7556}") = "RhinoInside", "RhinoInside\RhinoInside.csproj", "{DCA05C2E-00A2-48C5-AE52-43BFDCA63C15}"
EndProject
Project("{9A19103F-16F7-4668-BE54-9A1E7A4F7556}") = "RhinoInside.TestClient", "RhinoInside.TestClient\RhinoInside.TestClient.csproj", "{CC2FEF45-A1B4-40C2-811A-6CBCD1896966}"
EndProject
Project("{9A19103F-16F7-4668-BE54-9A1E7A4F7556}") = "RhinoInside.Tests", "RhinoInside.Tests\RhinoInside.Tests.csproj", "{21CB2FA0-027F-40FB-B02A-E378BB2F6998}"
EndProject
Global
	GlobalSection(SolutionConfigurationPlatforms) = preSolution
		Debug|Any CPU = Debug|Any CPU
		Release|Any CPU = Release|Any CPU
	EndGlobalSection
	GlobalSection(ProjectConfigurationPlatforms) = postSolution
		{DCA05C2E-00A2-48C5-AE52-43BFDCA63C15}.Debug|Any CPU.ActiveCfg = Debug|Any CPU
		{DCA05C2E-00A2-48C5-AE52-43BFDCA63C15}.Debug|Any CPU.Build.0 = Debug|Any CPU
		{DCA05C2E-00A2-48C5-AE52-43BFDCA63C15}.Release|Any CPU.ActiveCfg = Release|Any CPU
		{DCA05C2E-00A2-48C5-AE52-43BFDCA63C15}.Release|Any CPU.Build.0 = Release|Any CPU
		{CC2FEF45-A1B4-40C2-811A-6CBCD1896966}.Debug|Any CPU.ActiveCfg = Debug|Any CPU
		{CC2FEF45-A1B4-40C2-811A-6CBCD1896966}.Debug|Any CPU.Build.0 = Debug|Any CPU
		{CC2FEF45-A1B4-40C2-811A-6CBCD1896966}.Release|Any CPU.ActiveCfg = Release|Any CPU
		{CC2FEF45-A1B4-40C2-811A-6CBCD1896966}.Release|Any CPU.Build.0 = Release|Any CPU
		{21CB2FA0-027F-40FB-B02A-E378BB2F6998}.Debug|Any CPU.ActiveCfg = Debug|Any CPU
		{21CB2FA0-027F-40FB-B02A-E378BB2F6998}.Debug|Any CPU.Build.0 = Debug|Any CPU
		{21CB2FA0-027F-40FB-B02A-E378BB2F6998}.Release|Any CPU.ActiveCfg = Release|Any CPU
		{21CB2FA0-027F-40FB-B02A-E378BB2F6998}.Release|Any CPU.Build.0 = Release|Any CPU
	EndGlobalSection
	GlobalSection(SolutionProperties) = preSolution
		HideSolutionNode = FALSE
	EndGlobalSection
	GlobalSection(ExtensibilityGlobals) = postSolution
		SolutionGuid = {73A30348-DDC4-4D40-8706-09EAA170E437}
	EndGlobalSection
EndGlobal
