
Microsoft Visual Studio Solution File, Format Version 12.00
# Visual Studio 15
VisualStudioVersion = 15.0.27428.2043
MinimumVisualStudioVersion = 10.0.40219.1
Project("{FAE04EC0-301F-11D3-BF4B-00C04F79EFBC}") = "RhinoInside.Revit.2017", "RhinoInside.Revit.2017.csproj", "{D6C256D4-B518-464F-9E68-CB282202E846}"
EndProject
Global
	GlobalSection(SolutionConfigurationPlatforms) = preSolution
		Debug|Any CPU = Debug|Any CPU
		Release|Any CPU = Release|Any CPU
	EndGlobalSection
	GlobalSection(ProjectConfigurationPlatforms) = postSolution
		{D6C256D4-B518-464F-9E68-CB282202E846}.Debug|Any CPU.ActiveCfg = Debug|Any CPU
		{D6C256D4-B518-464F-9E68-CB282202E846}.Release|Any CPU.ActiveCfg = Release|Any CPU
		{D6C256D4-B518-464F-9E68-CB282202E846}.Release|Any CPU.Build.0 = Release|Any CPU
	EndGlobalSection
	GlobalSection(SolutionProperties) = preSolution
		HideSolutionNode = FALSE
	EndGlobalSection
	GlobalSection(ExtensibilityGlobals) = postSolution
		SolutionGuid = {7313E8CF-14F6-457C-B524-43B603709BBF}
	EndGlobalSection
EndGlobal
