
Microsoft Visual Studio Solution File, Format Version 12.00
# Visual Studio 15
VisualStudioVersion = 15.0.27428.2043
MinimumVisualStudioVersion = 10.0.40219.1
Project("{FAE04EC0-301F-11D3-BF4B-00C04F79EFBC}") = "RhinoInside.Revit", "RhinoInside.Revit\RhinoInside.Revit.csproj", "{D6C256D4-B518-464F-9E68-CB282202E846}"
EndProject
Global
	GlobalSection(SolutionConfigurationPlatforms) = preSolution
		Debug 2017|Any CPU = Debug 2017|Any CPU
		Debug 2018|Any CPU = Debug 2018|Any CPU
		Debug 2019|Any CPU = Debug 2019|Any CPU
		Debug 2020|Any CPU = Debug 2020|Any CPU
		Release 2017|Any CPU = Release 2017|Any CPU
		Release 2018|Any CPU = Release 2018|Any CPU
		Release 2019|Any CPU = Release 2019|Any CPU
		Release 2020|Any CPU = Release 2020|Any CPU
	EndGlobalSection
	GlobalSection(ProjectConfigurationPlatforms) = postSolution
		{D6C256D4-B518-464F-9E68-CB282202E846}.Debug 2017|Any CPU.ActiveCfg = Debug 2017|Any CPU
		{D6C256D4-B518-464F-9E68-CB282202E846}.Debug 2017|Any CPU.Build.0 = Debug 2017|Any CPU
		{D6C256D4-B518-464F-9E68-CB282202E846}.Debug 2018|Any CPU.ActiveCfg = Debug 2018|Any CPU
		{D6C256D4-B518-464F-9E68-CB282202E846}.Debug 2018|Any CPU.Build.0 = Debug 2018|Any CPU
		{D6C256D4-B518-464F-9E68-CB282202E846}.Debug 2019|Any CPU.ActiveCfg = Debug 2019|Any CPU
		{D6C256D4-B518-464F-9E68-CB282202E846}.Debug 2019|Any CPU.Build.0 = Debug 2019|Any CPU
		{D6C256D4-B518-464F-9E68-CB282202E846}.Debug 2020|Any CPU.ActiveCfg = Debug 2020|Any CPU
		{D6C256D4-B518-464F-9E68-CB282202E846}.Debug 2020|Any CPU.Build.0 = Debug 2020|Any CPU
		{D6C256D4-B518-464F-9E68-CB282202E846}.Release 2017|Any CPU.ActiveCfg = Release 2017|Any CPU
		{D6C256D4-B518-464F-9E68-CB282202E846}.Release 2017|Any CPU.Build.0 = Release 2017|Any CPU
		{D6C256D4-B518-464F-9E68-CB282202E846}.Release 2018|Any CPU.ActiveCfg = Release 2018|Any CPU
		{D6C256D4-B518-464F-9E68-CB282202E846}.Release 2018|Any CPU.Build.0 = Release 2018|Any CPU
		{D6C256D4-B518-464F-9E68-CB282202E846}.Release 2019|Any CPU.ActiveCfg = Release 2019|Any CPU
		{D6C256D4-B518-464F-9E68-CB282202E846}.Release 2019|Any CPU.Build.0 = Release 2019|Any CPU
		{D6C256D4-B518-464F-9E68-CB282202E846}.Release 2020|Any CPU.ActiveCfg = Release 2020|Any CPU
		{D6C256D4-B518-464F-9E68-CB282202E846}.Release 2020|Any CPU.Build.0 = Release 2020|Any CPU
	EndGlobalSection
	GlobalSection(SolutionProperties) = preSolution
		HideSolutionNode = FALSE
	EndGlobalSection
	GlobalSection(ExtensibilityGlobals) = postSolution
		SolutionGuid = {7313E8CF-14F6-457C-B524-43B603709BBF}
	EndGlobalSection
EndGlobal
