
Microsoft Visual Studio Solution File, Format Version 12.00
# Visual Studio 15
VisualStudioVersion = 15.0.28307.645
MinimumVisualStudioVersion = 10.0.40219.1
Project("{FAE04EC0-301F-11D3-BF4B-00C04F79EFBC}") = "RhinoPaint", "RhinoPaint.csproj", "{BF5C38DF-7A30-4B30-8330-77A1D03E232B}"
EndProject
Project("{2150E333-8FDC-42A3-9474-1A3956D46DE8}") = "docs", "docs", "{546C23C6-1031-4F8C-838F-4025932F3CAC}"
	ProjectSection(SolutionItems) = preProject
		README.md = README.md
	EndProjectSection
EndProject
Global
	GlobalSection(SolutionConfigurationPlatforms) = preSolution
		Debug|Any CPU = Debug|Any CPU
		Release|Any CPU = Release|Any CPU
	EndGlobalSection
	GlobalSection(ProjectConfigurationPlatforms) = postSolution
		{BF5C38DF-7A30-4B30-8330-77A1D03E232B}.Debug|Any CPU.ActiveCfg = Debug|Any CPU
		{BF5C38DF-7A30-4B30-8330-77A1D03E232B}.Debug|Any CPU.Build.0 = Debug|Any CPU
		{BF5C38DF-7A30-4B30-8330-77A1D03E232B}.Release|Any CPU.ActiveCfg = Release|Any CPU
		{BF5C38DF-7A30-4B30-8330-77A1D03E232B}.Release|Any CPU.Build.0 = Release|Any CPU
	EndGlobalSection
	GlobalSection(SolutionProperties) = preSolution
		HideSolutionNode = FALSE
	EndGlobalSection
	GlobalSection(ExtensibilityGlobals) = postSolution
		SolutionGuid = {6352CF50-F1ED-409C-B43D-A8BF72AE8710}
	EndGlobalSection
EndGlobal
