
Microsoft Visual Studio Solution File, Format Version 12.00
# Visual Studio 15
VisualStudioVersion = 15.0.28010.2046
MinimumVisualStudioVersion = 10.0.40219.1
Project("{FAE04EC0-301F-11D3-BF4B-00C04F79EFBC}") = "RhinoInside.BricsCAD", "RhinoInside.BricsCAD.csproj", "{C7D33E00-54F4-4D35-8AA8-9BCBF5F3AD6A}"
EndProject
Global
	GlobalSection(SolutionConfigurationPlatforms) = preSolution
		Debug|x64 = Debug|x64
		Release|x64 = Release|x64
	EndGlobalSection
	GlobalSection(ProjectConfigurationPlatforms) = postSolution
		{C7D33E00-54F4-4D35-8AA8-9BCBF5F3AD6A}.Debug|x64.ActiveCfg = Debug|x64
		{C7D33E00-54F4-4D35-8AA8-9BCBF5F3AD6A}.Debug|x64.Build.0 = Debug|x64
		{C7D33E00-54F4-4D35-8AA8-9BCBF5F3AD6A}.Release|x64.ActiveCfg = Release|x64
		{C7D33E00-54F4-4D35-8AA8-9BCBF5F3AD6A}.Release|x64.Build.0 = Release|x64
	EndGlobalSection
	GlobalSection(SolutionProperties) = preSolution
		HideSolutionNode = FALSE
	EndGlobalSection
	GlobalSection(ExtensibilityGlobals) = postSolution
		SolutionGuid = {3B937F87-FFD2-4551-AE0F-2011A24437F1}
	EndGlobalSection
EndGlobal
