{
  "name": "nodejs-console-app1",
  "version": "0.0.0",
  "lockfileVersion": 1,
  "requires": true,
  "dependencies": {
    "edge-cs": {
      "version": "1.2.1",
      "resolved": "https://registry.npmjs.org/edge-cs/-/edge-cs-1.2.1.tgz",
      "integrity": "sha1-vRqezblO8O1AyJRYIEZ0nlcEXlo="
    },
    "edge-js": {
      "version": "11.3.1",
      "resolved": "https://registry.npmjs.org/edge-js/-/edge-js-11.3.1.tgz",
      "integrity": "sha512-+Yp1dDNisZJupjHNMIUCkLlvmYabV7CXzr+9yF2qCLVyj529zpKovD/YVHU81995uzshtWF90WNSQmkkytEReg==",
      "requires": {
        "edge-cs": "1.2.1",
        "nan": "2.13.2"
      }
    },
    "nan": {
      "version": "2.13.2",
      "resolved": "https://registry.npmjs.org/nan/-/nan-2.13.2.tgz",
      "integrity": "sha512-TghvYc72wlMGMVMluVo9WRJc0mB8KxxF/gZ4YYFy7V2ZQX9l7rgbPg7vjS9mt6U5HXODVFVI2bOduCzwOMv/lw=="
    }
  }
}
